// !$*UTF8*$!
{
	archiveVersion = 1;
	classes = {
	};
	objectVersion = 56;
	objects = {

/* Begin PBXBuildFile section */
		194542542939293A00692F43 /* MAPD714_F2022_Week12App.swift in Sources */ = {isa = PBXBuildFile; fileRef = 194542532939293A00692F43 /* MAPD714_F2022_Week12App.swift */; };
		194542562939293A00692F43 /* ContentView.swift in Sources */ = {isa = PBXBuildFile; fileRef = 194542552939293A00692F43 /* ContentView.swift */; };
		194542582939293C00692F43 /* Assets.xcassets in Resources */ = {isa = PBXBuildFile; fileRef = 194542572939293C00692F43 /* Assets.xcassets */; };
		1945425B2939293C00692F43 /* Preview Assets.xcassets in Resources */ = {isa = PBXBuildFile; fileRef = 1945425A2939293C00692F43 /* Preview Assets.xcassets */; };
		1945426529392B5700692F43 /* NetworkManager.swift in Sources */ = {isa = PBXBuildFile; fileRef = 1945426429392B5700692F43 /* NetworkManager.swift */; };
		1945426729392BC200692F43 /* PostResponse.swift in Sources */ = {isa = PBXBuildFile; fileRef = 1945426629392BC200692F43 /* PostResponse.swift */; };
		1945426929392CDD00692F43 /* PostViewModel.swift in Sources */ = {isa = PBXBuildFile; fileRef = 1945426829392CDD00692F43 /* PostViewModel.swift */; };
		1945426B29392D6A00692F43 /* PostModel.swift in Sources */ = {isa = PBXBuildFile; fileRef = 1945426A29392D6A00692F43 /* PostModel.swift */; };
		1945426D2939314B00692F43 /* PostView.swift in Sources */ = {isa = PBXBuildFile; fileRef = 1945426C2939314B00692F43 /* PostView.swift */; };
/* End PBXBuildFile section */

/* Begin PBXFileReference section */
		194542502939293A00692F43 /* MAPD714-F2022-Week12.app */ = {isa = PBXFileReference; explicitFileType = wrapper.application; includeInIndex = 0; path = "MAPD714-F2022-Week12.app"; sourceTree = BUILT_PRODUCTS_DIR; };
		194542532939293A00692F43 /* MAPD714_F2022_Week12App.swift */ = {isa = PBXFileReference; lastKnownFileType = sourcecode.swift; path = MAPD714_F2022_Week12App.swift; sourceTree = "<group>"; };
		194542552939293A00692F43 /* ContentView.swift */ = {isa = PBXFileReference; lastKnownFileType = sourcecode.swift; path = ContentView.swift; sourceTree = "<group>"; };
		194542572939293C00692F43 /* Assets.xcassets */ = {isa = PBXFileReference; lastKnownFileType = folder.assetcatalog; path = Assets.xcassets; sourceTree = "<group>"; };
		1945425A2939293C00692F43 /* Preview Assets.xcassets */ = {isa = PBXFileReference; lastKnownFileType = folder.assetcatalog; path = "Preview Assets.xcassets"; sourceTree = "<group>"; };
		1945426429392B5700692F43 /* NetworkManager.swift */ = {isa = PBXFileReference; lastKnownFileType = sourcecode.swift; path = NetworkManager.swift; sourceTree = "<group>"; };
		1945426629392BC200692F43 /* PostResponse.swift */ = {isa = PBXFileReference; lastKnownFileType = sourcecode.swift; path = PostResponse.swift; sourceTree = "<group>"; };
		1945426829392CDD00692F43 /* PostViewModel.swift */ = {isa = PBXFileReference; lastKnownFileType = sourcecode.swift; path = PostViewModel.swift; sourceTree = "<group>"; };
		1945426A29392D6A00692F43 /* PostModel.swift */ = {isa = PBXFileReference; lastKnownFileType = sourcecode.swift; path = PostModel.swift; sourceTree = "<group>"; };
		1945426C2939314B00692F43 /* PostView.swift */ = {isa = PBXFileReference; lastKnownFileType = sourcecode.swift; path = PostView.swift; sourceTree = "<group>"; };
/* End PBXFileReference section */

/* Begin PBXFrameworksBuildPhase section */
		1945424D2939293A00692F43 /* Frameworks */ = {
			isa = PBXFrameworksBuildPhase;
			buildActionMask = 2147483647;
			files = (
			);
			runOnlyForDeploymentPostprocessing = 0;
		};
/* End PBXFrameworksBuildPhase section */

/* Begin PBXGroup section */
		194542472939293A00692F43 = {
			isa = PBXGroup;
			children = (
				194542522939293A00692F43 /* MAPD714-F2022-Week12 */,
				194542512939293A00692F43 /* Products */,
			);
			sourceTree = "<group>";
		};
		194542512939293A00692F43 /* Products */ = {
			isa = PBXGroup;
			children = (
				194542502939293A00692F43 /* MAPD714-F2022-Week12.app */,
			);
			name = Products;
			sourceTree = "<group>";
		};
		194542522939293A00692F43 /* MAPD714-F2022-Week12 */ = {
			isa = PBXGroup;
			children = (
				1945426129392A9A00692F43 /* Model */,
				1945426229392AA000692F43 /* View */,
				1945426329392AA500692F43 /* ViewModel */,
				194542532939293A00692F43 /* MAPD714_F2022_Week12App.swift */,
				194542572939293C00692F43 /* Assets.xcassets */,
				194542592939293C00692F43 /* Preview Content */,
				1945426429392B5700692F43 /* NetworkManager.swift */,
			);
			path = "MAPD714-F2022-Week12";
			sourceTree = "<group>";
		};
		194542592939293C00692F43 /* Preview Content */ = {
			isa = PBXGroup;
			children = (
				1945425A2939293C00692F43 /* Preview Assets.xcassets */,
			);
			path = "Preview Content";
			sourceTree = "<group>";
		};
		1945426129392A9A00692F43 /* Model */ = {
			isa = PBXGroup;
			children = (
				1945426629392BC200692F43 /* PostResponse.swift */,
			);
			path = Model;
			sourceTree = "<group>";
		};
		1945426229392AA000692F43 /* View */ = {
			isa = PBXGroup;
			children = (
				194542552939293A00692F43 /* ContentView.swift */,
				1945426C2939314B00692F43 /* PostView.swift */,
			);
			path = View;
			sourceTree = "<group>";
		};
		1945426329392AA500692F43 /* ViewModel */ = {
			isa = PBXGroup;
			children = (
				1945426829392CDD00692F43 /* PostViewModel.swift */,
				1945426A29392D6A00692F43 /* PostModel.swift */,
			);
			path = ViewModel;
			sourceTree = "<group>";
		};
/* End PBXGroup section */

/* Begin PBXNativeTarget section */
		1945424F2939293A00692F43 /* MAPD714-F2022-Week12 */ = {
			isa = PBXNativeTarget;
			buildConfigurationList = 1945425E2939293C00692F43 /* Build configuration list for PBXNativeTarget "MAPD714-F2022-Week12" */;
			buildPhases = (
				1945424C2939293A00692F43 /* Sources */,
				1945424D2939293A00692F43 /* Frameworks */,
				1945424E2939293A00692F43 /* Resources */,
			);
			buildRules = (
			);
			dependencies = (
			);
			name = "MAPD714-F2022-Week12";
			productName = "MAPD714-F2022-Week12";
			productReference = 194542502939293A00692F43 /* MAPD714-F2022-Week12.app */;
			productType = "com.apple.product-type.application";
		};
/* End PBXNativeTarget section */

/* Begin PBXProject section */
		194542482939293A00692F43 /* Project object */ = {
			isa = PBXProject;
			attributes = {
				BuildIndependentTargetsInParallel = 1;
				LastSwiftUpdateCheck = 1400;
				LastUpgradeCheck = 1400;
				TargetAttributes = {
					1945424F2939293A00692F43 = {
						CreatedOnToolsVersion = 14.0.1;
					};
				};
			};
			buildConfigurationList = 1945424B2939293A00692F43 /* Build configuration list for PBXProject "MAPD714-F2022-Week12" */;
			compatibilityVersion = "Xcode 14.0";
			developmentRegion = en;
			hasScannedForEncodings = 0;
			knownRegions = (
				en,
				Base,
			);
			mainGroup = 194542472939293A00692F43;
			productRefGroup = 194542512939293A00692F43 /* Products */;
			projectDirPath = "";
			projectRoot = "";
			targets = (
				1945424F2939293A00692F43 /* MAPD714-F2022-Week12 */,
			);
		};
/* End PBXProject section */

/* Begin PBXResourcesBuildPhase section */
		1945424E2939293A00692F43 /* Resources */ = {
			isa = PBXResourcesBuildPhase;
			buildActionMask = 2147483647;
			files = (
				1945425B2939293C00692F43 /* Preview Assets.xcassets in Resources */,
				194542582939293C00692F43 /* Assets.xcassets in Resources */,
			);
			runOnlyForDeploymentPostprocessing = 0;
		};
/* End PBXResourcesBuildPhase section */

/* Begin PBXSourcesBuildPhase section */
		1945424C2939293A00692F43 /* Sources */ = {
			isa = PBXSourcesBuildPhase;
			buildActionMask = 2147483647;
			files = (
				1945426D2939314B00692F43 /* PostView.swift in Sources */,
				1945426929392CDD00692F43 /* PostViewModel.swift in Sources */,
				1945426B29392D6A00692F43 /* PostModel.swift in Sources */,
				1945426529392B5700692F43 /* NetworkManager.swift in Sources */,
				194542562939293A00692F43 /* ContentView.swift in Sources */,
				1945426729392BC200692F43 /* PostResponse.swift in Sources */,
				194542542939293A00692F43 /* MAPD714_F2022_Week12App.swift in Sources */,
			);
			runOnlyForDeploymentPostprocessing = 0;
		};
/* End PBXSourcesBuildPhase section */

/* Begin XCBuildConfiguration section */
		1945425C2939293C00692F43 /* Debug */ = {
			isa = XCBuildConfiguration;
			buildSettings = {
				ALWAYS_SEARCH_USER_PATHS = NO;
				CLANG_ANALYZER_NONNULL = YES;
				CLANG_ANALYZER_NUMBER_OBJECT_CONVERSION = YES_AGGRESSIVE;
				CLANG_CXX_LANGUAGE_STANDARD = "gnu++20";
				CLANG_ENABLE_MODULES = YES;
				CLANG_ENABLE_OBJC_ARC = YES;
				CLANG_ENABLE_OBJC_WEAK = YES;
				CLANG_WARN_BLOCK_CAPTURE_AUTORELEASING = YES;
				CLANG_WARN_BOOL_CONVERSION = YES;
				CLANG_WARN_COMMA = YES;
				CLANG_WARN_CONSTANT_CONVERSION = YES;
				CLANG_WARN_DEPRECATED_OBJC_IMPLEMENTATIONS = YES;
				CLANG_WARN_DIRECT_OBJC_ISA_USAGE = YES_ERROR;
				CLANG_WARN_DOCUMENTATION_COMMENTS = YES;
				CLANG_WARN_EMPTY_BODY = YES;
				CLANG_WARN_ENUM_CONVERSION = YES;
				CLANG_WARN_INFINITE_RECURSION = YES;
				CLANG_WARN_INT_CONVERSION = YES;
				CLANG_WARN_NON_LITERAL_NULL_CONVERSION = YES;
				CLANG_WARN_OBJC_IMPLICIT_RETAIN_SELF = YES;
				CLANG_WARN_OBJC_LITERAL_CONVERSION = YES;
				CLANG_WARN_OBJC_ROOT_CLASS = YES_ERROR;
				CLANG_WARN_QUOTED_INCLUDE_IN_FRAMEWORK_HEADER = YES;
				CLANG_WARN_RANGE_LOOP_ANALYSIS = YES;
				CLANG_WARN_STRICT_PROTOTYPES = YES;
				CLANG_WARN_SUSPICIOUS_MOVE = YES;
				CLANG_WARN_UNGUARDED_AVAILABILITY = YES_AGGRESSIVE;
				CLANG_WARN_UNREACHABLE_CODE = YES;
				CLANG_WARN__DUPLICATE_METHOD_MATCH = YES;
				COPY_PHASE_STRIP = NO;
				DEBUG_INFORMATION_FORMAT = dwarf;
				ENABLE_STRICT_OBJC_MSGSEND = YES;
				ENABLE_TESTABILITY = YES;
				GCC_C_LANGUAGE_STANDARD = gnu11;
				GCC_DYNAMIC_NO_PIC = NO;
				GCC_NO_COMMON_BLOCKS = YES;
				GCC_OPTIMIZATION_LEVEL = 0;
				GCC_PREPROCESSOR_DEFINITIONS = (
					"DEBUG=1",
					"$(inherited)",
				);
				GCC_WARN_64_TO_32_BIT_CONVERSION = YES;
				GCC_WARN_ABOUT_RETURN_TYPE = YES_ERROR;
				GCC_WARN_UNDECLARED_SELECTOR = YES;
				GCC_WARN_UNINITIALIZED_AUTOS = YES_AGGRESSIVE;
				GCC_WARN_UNUSED_FUNCTION = YES;
				GCC_WARN_UNUSED_VARIABLE = YES;
				IPHONEOS_DEPLOYMENT_TARGET = 16.0;
				MTL_ENABLE_DEBUG_INFO = INCLUDE_SOURCE;
				MTL_FAST_MATH = YES;
				ONLY_ACTIVE_ARCH = YES;
				SDKROOT = iphoneos;
				SWIFT_ACTIVE_COMPILATION_CONDITIONS = DEBUG;
				SWIFT_OPTIMIZATION_LEVEL = "-Onone";
			};
			name = Debug;
		};
		1945425D2939293C00692F43 /* Release */ = {
			isa = XCBuildConfiguration;
			buildSettings = {
				ALWAYS_SEARCH_USER_PATHS = NO;
				CLANG_ANALYZER_NONNULL = YES;
				CLANG_ANALYZER_NUMBER_OBJECT_CONVERSION = YES_AGGRESSIVE;
				CLANG_CXX_LANGUAGE_STANDARD = "gnu++20";
				CLANG_ENABLE_MODULES = YES;
				CLANG_ENABLE_OBJC_ARC = YES;
				CLANG_ENABLE_OBJC_WEAK = YES;
				CLANG_WARN_BLOCK_CAPTURE_AUTORELEASING = YES;
				CLANG_WARN_BOOL_CONVERSION = YES;
				CLANG_WARN_COMMA = YES;
				CLANG_WARN_CONSTANT_CONVERSION = YES;
				CLANG_WARN_DEPRECATED_OBJC_IMPLEMENTATIONS = YES;
				CLANG_WARN_DIRECT_OBJC_ISA_USAGE = YES_ERROR;
				CLANG_WARN_DOCUMENTATION_COMMENTS = YES;
				CLANG_WARN_EMPTY_BODY = YES;
				CLANG_WARN_ENUM_CONVERSION = YES;
				CLANG_WARN_INFINITE_RECURSION = YES;
				CLANG_WARN_INT_CONVERSION = YES;
				CLANG_WARN_NON_LITERAL_NULL_CONVERSION = YES;
				CLANG_WARN_OBJC_IMPLICIT_RETAIN_SELF = YES;
				CLANG_WARN_OBJC_LITERAL_CONVERSION = YES;
				CLANG_WARN_OBJC_ROOT_CLASS = YES_ERROR;
				CLANG_WARN_QUOTED_INCLUDE_IN_FRAMEWORK_HEADER = YES;
				CLANG_WARN_RANGE_LOOP_ANALYSIS = YES;
				CLANG_WARN_STRICT_PROTOTYPES = YES;
				CLANG_WARN_SUSPICIOUS_MOVE = YES;
				CLANG_WARN_UNGUARDED_AVAILABILITY = YES_AGGRESSIVE;
				CLANG_WARN_UNREACHABLE_CODE = YES;
				CLANG_WARN__DUPLICATE_METHOD_MATCH = YES;
				COPY_PHASE_STRIP = NO;
				DEBUG_INFORMATION_FORMAT = "dwarf-with-dsym";
				ENABLE_NS_ASSERTIONS = NO;
				ENABLE_STRICT_OBJC_MSGSEND = YES;
				GCC_C_LANGUAGE_STANDARD = gnu11;
				GCC_NO_COMMON_BLOCKS = YES;
				GCC_WARN_64_TO_32_BIT_CONVERSION = YES;
				GCC_WARN_ABOUT_RETURN_TYPE = YES_ERROR;
				GCC_WARN_UNDECLARED_SELECTOR = YES;
				GCC_WARN_UNINITIALIZED_AUTOS = YES_AGGRESSIVE;
				GCC_WARN_UNUSED_FUNCTION = YES;
				GCC_WARN_UNUSED_VARIABLE = YES;
				IPHONEOS_DEPLOYMENT_TARGET = 16.0;
				MTL_ENABLE_DEBUG_INFO = NO;
				MTL_FAST_MATH = YES;
				SDKROOT = iphoneos;
				SWIFT_COMPILATION_MODE = wholemodule;
				SWIFT_OPTIMIZATION_LEVEL = "-O";
				VALIDATE_PRODUCT = YES;
			};
			name = Release;
		};
		1945425F2939293C00692F43 /* Debug */ = {
			isa = XCBuildConfiguration;
			buildSettings = {
				ASSETCATALOG_COMPILER_APPICON_NAME = AppIcon;
				ASSETCATALOG_COMPILER_GLOBAL_ACCENT_COLOR_NAME = AccentColor;
				CODE_SIGN_STYLE = Automatic;
				CURRENT_PROJECT_VERSION = 1;
				DEVELOPMENT_ASSET_PATHS = "\"MAPD714-F2022-Week12/Preview Content\"";
				ENABLE_PREVIEWS = YES;
				GENERATE_INFOPLIST_FILE = YES;
				INFOPLIST_KEY_UIApplicationSceneManifest_Generation = YES;
				INFOPLIST_KEY_UIApplicationSupportsIndirectInputEvents = YES;
				INFOPLIST_KEY_UILaunchScreen_Generation = YES;
				INFOPLIST_KEY_UISupportedInterfaceOrientations_iPad = "UIInterfaceOrientationPortrait UIInterfaceOrientationPortraitUpsideDown UIInterfaceOrientationLandscapeLeft UIInterfaceOrientationLandscapeRight";
				INFOPLIST_KEY_UISupportedInterfaceOrientations_iPhone = "UIInterfaceOrientationPortrait UIInterfaceOrientationLandscapeLeft UIInterfaceOrientationLandscapeRight";
				LD_RUNPATH_SEARCH_PATHS = (
					"$(inherited)",
					"@executable_path/Frameworks",
				);
				MARKETING_VERSION = 1.0;
				PRODUCT_BUNDLE_IDENTIFIER = "ca.centennialcollege.MAPD714-F2022-Week12";
				PRODUCT_NAME = "$(TARGET_NAME)";
				SWIFT_EMIT_LOC_STRINGS = YES;
				SWIFT_VERSION = 5.0;
				TARGETED_DEVICE_FAMILY = "1,2";
			};
			name = Debug;
		};
		194542602939293C00692F43 /* Release */ = {
			isa = XCBuildConfiguration;
			buildSettings = {
				ASSETCATALOG_COMPILER_APPICON_NAME = AppIcon;
				ASSETCATALOG_COMPILER_GLOBAL_ACCENT_COLOR_NAME = AccentColor;
				CODE_SIGN_STYLE = Automatic;
				CURRENT_PROJECT_VERSION = 1;
				DEVELOPMENT_ASSET_PATHS = "\"MAPD714-F2022-Week12/Preview Content\"";
				ENABLE_PREVIEWS = YES;
				GENERATE_INFOPLIST_FILE = YES;
				INFOPLIST_KEY_UIApplicationSceneManifest_Generation = YES;
				INFOPLIST_KEY_UIApplicationSupportsIndirectInputEvents = YES;
				INFOPLIST_KEY_UILaunchScreen_Generation = YES;
				INFOPLIST_KEY_UISupportedInterfaceOrientations_iPad = "UIInterfaceOrientationPortrait UIInterfaceOrientationPortraitUpsideDown UIInterfaceOrientationLandscapeLeft UIInterfaceOrientationLandscapeRight";
				INFOPLIST_KEY_UISupportedInterfaceOrientations_iPhone = "UIInterfaceOrientationPortrait UIInterfaceOrientationLandscapeLeft UIInterfaceOrientationLandscapeRight";
				LD_RUNPATH_SEARCH_PATHS = (
					"$(inherited)",
					"@executable_path/Frameworks",
				);
				MARKETING_VERSION = 1.0;
				PRODUCT_BUNDLE_IDENTIFIER = "ca.centennialcollege.MAPD714-F2022-Week12";
				PRODUCT_NAME = "$(TARGET_NAME)";
				SWIFT_EMIT_LOC_STRINGS = YES;
				SWIFT_VERSION = 5.0;
				TARGETED_DEVICE_FAMILY = "1,2";
			};
			name = Release;
		};
/* End XCBuildConfiguration section */

/* Begin XCConfigurationList section */
		1945424B2939293A00692F43 /* Build configuration list for PBXProject "MAPD714-F2022-Week12" */ = {
			isa = XCConfigurationList;
			buildConfigurations = (
				1945425C2939293C00692F43 /* Debug */,
				1945425D2939293C00692F43 /* Release */,
			);
			defaultConfigurationIsVisible = 0;
			defaultConfigurationName = Release;
		};
		1945425E2939293C00692F43 /* Build configuration list for PBXNativeTarget "MAPD714-F2022-Week12" */ = {
			isa = XCConfigurationList;
			buildConfigurations = (
				1945425F2939293C00692F43 /* Debug */,
				194542602939293C00692F43 /* Release */,
			);
			defaultConfigurationIsVisible = 0;
			defaultConfigurationName = Release;
		};
/* End XCConfigurationList section */
	};
	rootObject = 194542482939293A00692F43 /* Project object */;
}
